
Microsoft Visual Studio Solution File, Format Version 12.00
# Visual Studio 15
VisualStudioVersion = 15.0.26430.14
MinimumVisualStudioVersion = 10.0.40219.1
Project("{FAE04EC0-301F-11D3-BF4B-00C04F79EFBC}") = "LibraryManagementSystem", "LibraryManagementSystem\LibraryManagementSystem.csproj", "{34D42D63-47D4-43FE-80BF-CAF6C1671385}"
EndProject
Project("{FAE04EC0-301F-11D3-BF4B-00C04F79EFBC}") = "LibraryManagementSystem.Tests", "LibraryManagementSystem.Tests\LibraryManagementSystem.Tests.csproj", "{529B8B59-F9E9-46B1-A577-740FCC14DC46}"
EndProject
Global
	GlobalSection(SolutionConfigurationPlatforms) = preSolution
		Debug|Any CPU = Debug|Any CPU
		Release|Any CPU = Release|Any CPU
	EndGlobalSection
	GlobalSection(ProjectConfigurationPlatforms) = postSolution
		{34D42D63-47D4-43FE-80BF-CAF6C1671385}.Debug|Any CPU.ActiveCfg = Debug|Any CPU
		{34D42D63-47D4-43FE-80BF-CAF6C1671385}.Debug|Any CPU.Build.0 = Debug|Any CPU
		{34D42D63-47D4-43FE-80BF-CAF6C1671385}.Release|Any CPU.ActiveCfg = Release|Any CPU
		{34D42D63-47D4-43FE-80BF-CAF6C1671385}.Release|Any CPU.Build.0 = Release|Any CPU
		{529B8B59-F9E9-46B1-A577-740FCC14DC46}.Debug|Any CPU.ActiveCfg = Debug|Any CPU
		{529B8B59-F9E9-46B1-A577-740FCC14DC46}.Debug|Any CPU.Build.0 = Debug|Any CPU
		{529B8B59-F9E9-46B1-A577-740FCC14DC46}.Release|Any CPU.ActiveCfg = Release|Any CPU
		{529B8B59-F9E9-46B1-A577-740FCC14DC46}.Release|Any CPU.Build.0 = Release|Any CPU
	EndGlobalSection
	GlobalSection(SolutionProperties) = preSolution
		HideSolutionNode = FALSE
	EndGlobalSection
EndGlobal
